
Microsoft Visual Studio Solution File, Format Version 12.00
# Visual Studio Version 17
VisualStudioVersion = 17.10.35013.160
MinimumVisualStudioVersion = 10.0.40219.1
Project("{9A19103F-16F7-4668-BE54-9A1E7A4F7556}") = "Template", "Template\Template.csproj", "{33010CE9-80EC-45CE-8DA9-23D908F7F2A5}"
EndProject
Project("{2150E333-8FDC-42A3-9474-1A3956D46DE8}") = "0-Tests", "0-Tests", "{EDCD27FD-FE30-45D7-8897-5EBC4577F19B}"
EndProject
Project("{2150E333-8FDC-42A3-9474-1A3956D46DE8}") = "1-Web", "1-Web", "{19BAAEDF-7F9D-4E05-A6F5-FC15F8BA84E4}"
EndProject
Project("{2150E333-8FDC-42A3-9474-1A3956D46DE8}") = "2-Application", "2-Application", "{7D2F4BC1-6193-4601-99CE-AFCD2AFB7A79}"
EndProject
Project("{2150E333-8FDC-42A3-9474-1A3956D46DE8}") = "3-Domain", "3-Domain", "{E16037EF-9CDC-400F-B71D-181A6CB9CDDE}"
EndProject
Project("{2150E333-8FDC-42A3-9474-1A3956D46DE8}") = "4-Infra", "4-Infra", "{41CF9B45-7812-4041-88D8-F4302652221F}"
EndProject
Project("{FAE04EC0-301F-11D3-BF4B-00C04F79EFBC}") = "Template.Application", "Template.Application\Template.Application.csproj", "{0050B86F-EC1B-49C7-9B12-A9119DEBE04F}"
EndProject
Project("{FAE04EC0-301F-11D3-BF4B-00C04F79EFBC}") = "Template.Domain", "Template.Domain\Template.Domain.csproj", "{FDF797FD-701A-4922-B0AC-6C8AF6C9697C}"
EndProject
Project("{2150E333-8FDC-42A3-9474-1A3956D46DE8}") = "4.1-Data", "4.1-Data", "{051E69BF-8FD5-45C7-A962-999216887A78}"
EndProject
Project("{2150E333-8FDC-42A3-9474-1A3956D46DE8}") = "4.2-CrossCutting", "4.2-CrossCutting", "{7BFC8A78-23A1-4016-B847-0D65AF11195D}"
EndProject
Project("{FAE04EC0-301F-11D3-BF4B-00C04F79EFBC}") = "Template.Data", "Template.Data\Template.Data.csproj", "{1269922A-3DFD-4E13-86D4-377776B1BBB2}"
EndProject
Global
	GlobalSection(SolutionConfigurationPlatforms) = preSolution
		Debug|Any CPU = Debug|Any CPU
		Release|Any CPU = Release|Any CPU
	EndGlobalSection
	GlobalSection(ProjectConfigurationPlatforms) = postSolution
		{33010CE9-80EC-45CE-8DA9-23D908F7F2A5}.Debug|Any CPU.ActiveCfg = Debug|Any CPU
		{33010CE9-80EC-45CE-8DA9-23D908F7F2A5}.Debug|Any CPU.Build.0 = Debug|Any CPU
		{33010CE9-80EC-45CE-8DA9-23D908F7F2A5}.Release|Any CPU.ActiveCfg = Release|Any CPU
		{33010CE9-80EC-45CE-8DA9-23D908F7F2A5}.Release|Any CPU.Build.0 = Release|Any CPU
		{0050B86F-EC1B-49C7-9B12-A9119DEBE04F}.Debug|Any CPU.ActiveCfg = Debug|Any CPU
		{0050B86F-EC1B-49C7-9B12-A9119DEBE04F}.Debug|Any CPU.Build.0 = Debug|Any CPU
		{0050B86F-EC1B-49C7-9B12-A9119DEBE04F}.Release|Any CPU.ActiveCfg = Release|Any CPU
		{0050B86F-EC1B-49C7-9B12-A9119DEBE04F}.Release|Any CPU.Build.0 = Release|Any CPU
		{FDF797FD-701A-4922-B0AC-6C8AF6C9697C}.Debug|Any CPU.ActiveCfg = Debug|Any CPU
		{FDF797FD-701A-4922-B0AC-6C8AF6C9697C}.Debug|Any CPU.Build.0 = Debug|Any CPU
		{FDF797FD-701A-4922-B0AC-6C8AF6C9697C}.Release|Any CPU.ActiveCfg = Release|Any CPU
		{FDF797FD-701A-4922-B0AC-6C8AF6C9697C}.Release|Any CPU.Build.0 = Release|Any CPU
		{1269922A-3DFD-4E13-86D4-377776B1BBB2}.Debug|Any CPU.ActiveCfg = Debug|Any CPU
		{1269922A-3DFD-4E13-86D4-377776B1BBB2}.Debug|Any CPU.Build.0 = Debug|Any CPU
		{1269922A-3DFD-4E13-86D4-377776B1BBB2}.Release|Any CPU.ActiveCfg = Release|Any CPU
		{1269922A-3DFD-4E13-86D4-377776B1BBB2}.Release|Any CPU.Build.0 = Release|Any CPU
	EndGlobalSection
	GlobalSection(SolutionProperties) = preSolution
		HideSolutionNode = FALSE
	EndGlobalSection
	GlobalSection(NestedProjects) = preSolution
		{33010CE9-80EC-45CE-8DA9-23D908F7F2A5} = {19BAAEDF-7F9D-4E05-A6F5-FC15F8BA84E4}
		{0050B86F-EC1B-49C7-9B12-A9119DEBE04F} = {7D2F4BC1-6193-4601-99CE-AFCD2AFB7A79}
		{FDF797FD-701A-4922-B0AC-6C8AF6C9697C} = {E16037EF-9CDC-400F-B71D-181A6CB9CDDE}
		{051E69BF-8FD5-45C7-A962-999216887A78} = {41CF9B45-7812-4041-88D8-F4302652221F}
		{7BFC8A78-23A1-4016-B847-0D65AF11195D} = {41CF9B45-7812-4041-88D8-F4302652221F}
		{1269922A-3DFD-4E13-86D4-377776B1BBB2} = {051E69BF-8FD5-45C7-A962-999216887A78}
	EndGlobalSection
	GlobalSection(ExtensibilityGlobals) = postSolution
		SolutionGuid = {EBC4049D-A47D-471D-90E7-CBA352CE700F}
	EndGlobalSection
EndGlobal
