
Microsoft Visual Studio Solution File, Format Version 12.00
# Visual Studio Version 17
VisualStudioVersion = 17.10.35013.160
MinimumVisualStudioVersion = 10.0.40219.1
Project("{9A19103F-16F7-4668-BE54-9A1E7A4F7556}") = "Template", "Template\Template.csproj", "{33010CE9-80EC-45CE-8DA9-23D908F7F2A5}"
EndProject
Project("{2150E333-8FDC-42A3-9474-1A3956D46DE8}") = "0-Tests", "0-Tests", "{F4E67C1F-C308-4C49-858D-510980ACB894}"
EndProject
Project("{2150E333-8FDC-42A3-9474-1A3956D46DE8}") = "1-Web", "1-Web", "{3E6A1C88-A789-4CED-9C1D-2A561848F9E7}"
EndProject
Project("{2150E333-8FDC-42A3-9474-1A3956D46DE8}") = "2-Application", "2-Application", "{D24745B0-6BD2-419B-B13C-6CBF037ED71C}"
EndProject
Project("{2150E333-8FDC-42A3-9474-1A3956D46DE8}") = "3-Domain", "3-Domain", "{D78EFB0E-0D3A-4D26-9FC9-DC92CD2BBEEA}"
EndProject
Project("{2150E333-8FDC-42A3-9474-1A3956D46DE8}") = "4-Infra", "4-Infra", "{9EBB7E57-5398-4BED-A9D1-317A89B172D8}"
EndProject
Project("{2150E333-8FDC-42A3-9474-1A3956D46DE8}") = "4.1-Data", "4.1-Data", "{94D490D0-4A4D-4D5D-B6D8-4E13E4F625DE}"
EndProject
Project("{2150E333-8FDC-42A3-9474-1A3956D46DE8}") = "4.2-CrossCutting", "4.2-CrossCutting", "{C6EE5EB0-C1AC-4D8F-867D-E82C36F2C5F8}"
EndProject
Project("{9A19103F-16F7-4668-BE54-9A1E7A4F7556}") = "Template.Application", "Template.Application\Template.Application.csproj", "{7DCF10E6-7CA6-4A46-8BB9-E68AB14CD179}"
EndProject
Project("{9A19103F-16F7-4668-BE54-9A1E7A4F7556}") = "Template.Domain", "Template.Domain\Template.Domain.csproj", "{96D99AC6-3FB8-44FE-B9C5-98DCCD99D008}"
EndProject
Project("{9A19103F-16F7-4668-BE54-9A1E7A4F7556}") = "Template.Data", "Template.Data\Template.Data.csproj", "{EE7A8F5E-6615-444A-84BD-89F693593596}"
EndProject
Project("{9A19103F-16F7-4668-BE54-9A1E7A4F7556}") = "Template.IoC", "Template.IoC\Template.IoC.csproj", "{7436238E-FF13-4E24-8C8E-F4868BC4A72B}"
EndProject
Project("{9A19103F-16F7-4668-BE54-9A1E7A4F7556}") = "Template.Swagger", "Template.Swagger\Template.Swagger.csproj", "{AC97C37B-A88F-43F6-B815-4E34114088D7}"
EndProject
Project("{FAE04EC0-301F-11D3-BF4B-00C04F79EFBC}") = "Template.Auth", "Template.Auth\Template.Auth.csproj", "{A6801134-9204-4DD6-9D68-8620F5C6F2E3}"
EndProject
Global
	GlobalSection(SolutionConfigurationPlatforms) = preSolution
		Debug|Any CPU = Debug|Any CPU
		Release|Any CPU = Release|Any CPU
	EndGlobalSection
	GlobalSection(ProjectConfigurationPlatforms) = postSolution
		{33010CE9-80EC-45CE-8DA9-23D908F7F2A5}.Debug|Any CPU.ActiveCfg = Debug|Any CPU
		{33010CE9-80EC-45CE-8DA9-23D908F7F2A5}.Debug|Any CPU.Build.0 = Debug|Any CPU
		{33010CE9-80EC-45CE-8DA9-23D908F7F2A5}.Release|Any CPU.ActiveCfg = Release|Any CPU
		{33010CE9-80EC-45CE-8DA9-23D908F7F2A5}.Release|Any CPU.Build.0 = Release|Any CPU
		{7DCF10E6-7CA6-4A46-8BB9-E68AB14CD179}.Debug|Any CPU.ActiveCfg = Debug|Any CPU
		{7DCF10E6-7CA6-4A46-8BB9-E68AB14CD179}.Debug|Any CPU.Build.0 = Debug|Any CPU
		{7DCF10E6-7CA6-4A46-8BB9-E68AB14CD179}.Release|Any CPU.ActiveCfg = Release|Any CPU
		{7DCF10E6-7CA6-4A46-8BB9-E68AB14CD179}.Release|Any CPU.Build.0 = Release|Any CPU
		{96D99AC6-3FB8-44FE-B9C5-98DCCD99D008}.Debug|Any CPU.ActiveCfg = Debug|Any CPU
		{96D99AC6-3FB8-44FE-B9C5-98DCCD99D008}.Debug|Any CPU.Build.0 = Debug|Any CPU
		{96D99AC6-3FB8-44FE-B9C5-98DCCD99D008}.Release|Any CPU.ActiveCfg = Release|Any CPU
		{96D99AC6-3FB8-44FE-B9C5-98DCCD99D008}.Release|Any CPU.Build.0 = Release|Any CPU
		{EE7A8F5E-6615-444A-84BD-89F693593596}.Debug|Any CPU.ActiveCfg = Debug|Any CPU
		{EE7A8F5E-6615-444A-84BD-89F693593596}.Debug|Any CPU.Build.0 = Debug|Any CPU
		{EE7A8F5E-6615-444A-84BD-89F693593596}.Release|Any CPU.ActiveCfg = Release|Any CPU
		{EE7A8F5E-6615-444A-84BD-89F693593596}.Release|Any CPU.Build.0 = Release|Any CPU
		{7436238E-FF13-4E24-8C8E-F4868BC4A72B}.Debug|Any CPU.ActiveCfg = Debug|Any CPU
		{7436238E-FF13-4E24-8C8E-F4868BC4A72B}.Debug|Any CPU.Build.0 = Debug|Any CPU
		{7436238E-FF13-4E24-8C8E-F4868BC4A72B}.Release|Any CPU.ActiveCfg = Release|Any CPU
		{7436238E-FF13-4E24-8C8E-F4868BC4A72B}.Release|Any CPU.Build.0 = Release|Any CPU
		{AC97C37B-A88F-43F6-B815-4E34114088D7}.Debug|Any CPU.ActiveCfg = Debug|Any CPU
		{AC97C37B-A88F-43F6-B815-4E34114088D7}.Debug|Any CPU.Build.0 = Debug|Any CPU
		{AC97C37B-A88F-43F6-B815-4E34114088D7}.Release|Any CPU.ActiveCfg = Release|Any CPU
		{AC97C37B-A88F-43F6-B815-4E34114088D7}.Release|Any CPU.Build.0 = Release|Any CPU
		{A6801134-9204-4DD6-9D68-8620F5C6F2E3}.Debug|Any CPU.ActiveCfg = Debug|Any CPU
		{A6801134-9204-4DD6-9D68-8620F5C6F2E3}.Debug|Any CPU.Build.0 = Debug|Any CPU
		{A6801134-9204-4DD6-9D68-8620F5C6F2E3}.Release|Any CPU.ActiveCfg = Release|Any CPU
		{A6801134-9204-4DD6-9D68-8620F5C6F2E3}.Release|Any CPU.Build.0 = Release|Any CPU
	EndGlobalSection
	GlobalSection(SolutionProperties) = preSolution
		HideSolutionNode = FALSE
	EndGlobalSection
	GlobalSection(NestedProjects) = preSolution
		{33010CE9-80EC-45CE-8DA9-23D908F7F2A5} = {3E6A1C88-A789-4CED-9C1D-2A561848F9E7}
		{94D490D0-4A4D-4D5D-B6D8-4E13E4F625DE} = {9EBB7E57-5398-4BED-A9D1-317A89B172D8}
		{C6EE5EB0-C1AC-4D8F-867D-E82C36F2C5F8} = {9EBB7E57-5398-4BED-A9D1-317A89B172D8}
		{7DCF10E6-7CA6-4A46-8BB9-E68AB14CD179} = {D24745B0-6BD2-419B-B13C-6CBF037ED71C}
		{96D99AC6-3FB8-44FE-B9C5-98DCCD99D008} = {D78EFB0E-0D3A-4D26-9FC9-DC92CD2BBEEA}
		{EE7A8F5E-6615-444A-84BD-89F693593596} = {94D490D0-4A4D-4D5D-B6D8-4E13E4F625DE}
		{7436238E-FF13-4E24-8C8E-F4868BC4A72B} = {C6EE5EB0-C1AC-4D8F-867D-E82C36F2C5F8}
		{AC97C37B-A88F-43F6-B815-4E34114088D7} = {C6EE5EB0-C1AC-4D8F-867D-E82C36F2C5F8}
		{A6801134-9204-4DD6-9D68-8620F5C6F2E3} = {C6EE5EB0-C1AC-4D8F-867D-E82C36F2C5F8}
	EndGlobalSection
	GlobalSection(ExtensibilityGlobals) = postSolution
		SolutionGuid = {EBC4049D-A47D-471D-90E7-CBA352CE700F}
	EndGlobalSection
EndGlobal
